// !$*UTF8*$!
{
	archiveVersion = 1;
	classes = {
	};
	objectVersion = 50;
	objects = {

/* Begin PBXBuildFile section */
		BF6914F8211A10D500C5CFE3 /* AppDelegate.swift in Sources */ = {isa = PBXBuildFile; fileRef = BF6914F7211A10D500C5CFE3 /* AppDelegate.swift */; };
		BF6914FA211A10D500C5CFE3 /* RouteListViewController.swift in Sources */ = {isa = PBXBuildFile; fileRef = BF6914F9211A10D500C5CFE3 /* RouteListViewController.swift */; };
		BF6914FD211A10D500C5CFE3 /* Main.storyboard in Resources */ = {isa = PBXBuildFile; fileRef = BF6914FB211A10D500C5CFE3 /* Main.storyboard */; };
		BF6914FF211A10D500C5CFE3 /* Assets.xcassets in Resources */ = {isa = PBXBuildFile; fileRef = BF6914FE211A10D500C5CFE3 /* Assets.xcassets */; };
		BF691502211A10D500C5CFE3 /* LaunchScreen.storyboard in Resources */ = {isa = PBXBuildFile; fileRef = BF691500211A10D500C5CFE3 /* LaunchScreen.storyboard */; };
		BF691516211A246600C5CFE3 /* UIView+Fade.swift in Sources */ = {isa = PBXBuildFile; fileRef = BF691512211A246500C5CFE3 /* UIView+Fade.swift */; };
		BF691517211A246600C5CFE3 /* UIViewController+PresentAlert.swift in Sources */ = {isa = PBXBuildFile; fileRef = BF691513211A246500C5CFE3 /* UIViewController+PresentAlert.swift */; };
		BF691518211A246600C5CFE3 /* UIView+Shadow.swift in Sources */ = {isa = PBXBuildFile; fileRef = BF691514211A246500C5CFE3 /* UIView+Shadow.swift */; };
		BF691519211A246600C5CFE3 /* String+PercentageEncoding.swift in Sources */ = {isa = PBXBuildFile; fileRef = BF691515211A246600C5CFE3 /* String+PercentageEncoding.swift */; };
		BF69151B211A249600C5CFE3 /* CardView.swift in Sources */ = {isa = PBXBuildFile; fileRef = BF69151A211A249600C5CFE3 /* CardView.swift */; };
		BF69151E211A250A00C5CFE3 /* ImageLoader.swift in Sources */ = {isa = PBXBuildFile; fileRef = BF69151D211A250A00C5CFE3 /* ImageLoader.swift */; };
		BF691520211A254E00C5CFE3 /* API.swift in Sources */ = {isa = PBXBuildFile; fileRef = BF69151F211A254E00C5CFE3 /* API.swift */; };
		BF691522211A256E00C5CFE3 /* APIRequest.swift in Sources */ = {isa = PBXBuildFile; fileRef = BF691521211A256E00C5CFE3 /* APIRequest.swift */; };
		BF691524211A25BF00C5CFE3 /* UITableView+AutoSize.swift in Sources */ = {isa = PBXBuildFile; fileRef = BF691523211A25BF00C5CFE3 /* UITableView+AutoSize.swift */; };
		BF691529211A262600C5CFE3 /* MetroService.swift in Sources */ = {isa = PBXBuildFile; fileRef = BF691527211A262600C5CFE3 /* MetroService.swift */; };
		BF69152A211A262600C5CFE3 /* MetroAPI.swift in Sources */ = {isa = PBXBuildFile; fileRef = BF691528211A262600C5CFE3 /* MetroAPI.swift */; };
		BF69152C211A5B2700C5CFE3 /* RouteListTableViewCell.swift in Sources */ = {isa = PBXBuildFile; fileRef = BF69152B211A5B2600C5CFE3 /* RouteListTableViewCell.swift */; };
		BF69152E211A5E6000C5CFE3 /* RouteDetailViewController.swift in Sources */ = {isa = PBXBuildFile; fileRef = BF69152D211A5E6000C5CFE3 /* RouteDetailViewController.swift */; };
		BF691530211A630600C5CFE3 /* MetroController.swift in Sources */ = {isa = PBXBuildFile; fileRef = BF69152F211A630500C5CFE3 /* MetroController.swift */; };
		BF691532211A653200C5CFE3 /* Route.swift in Sources */ = {isa = PBXBuildFile; fileRef = BF691531211A653200C5CFE3 /* Route.swift */; };
		BF691534211AABF100C5CFE3 /* Vehicle.swift in Sources */ = {isa = PBXBuildFile; fileRef = BF691533211AABF100C5CFE3 /* Vehicle.swift */; };
/* End PBXBuildFile section */

/* Begin PBXFileReference section */
		BF6914F4211A10D500C5CFE3 /* MetroSystemMap.app */ = {isa = PBXFileReference; explicitFileType = wrapper.application; includeInIndex = 0; path = MetroSystemMap.app; sourceTree = BUILT_PRODUCTS_DIR; };
		BF6914F7211A10D500C5CFE3 /* AppDelegate.swift */ = {isa = PBXFileReference; lastKnownFileType = sourcecode.swift; path = AppDelegate.swift; sourceTree = "<group>"; };
		BF6914F9211A10D500C5CFE3 /* RouteListViewController.swift */ = {isa = PBXFileReference; lastKnownFileType = sourcecode.swift; path = RouteListViewController.swift; sourceTree = "<group>"; };
		BF6914FC211A10D500C5CFE3 /* Base */ = {isa = PBXFileReference; lastKnownFileType = file.storyboard; name = Base; path = Base.lproj/Main.storyboard; sourceTree = "<group>"; };
		BF6914FE211A10D500C5CFE3 /* Assets.xcassets */ = {isa = PBXFileReference; lastKnownFileType = folder.assetcatalog; path = Assets.xcassets; sourceTree = "<group>"; };
		BF691501211A10D500C5CFE3 /* Base */ = {isa = PBXFileReference; lastKnownFileType = file.storyboard; name = Base; path = Base.lproj/LaunchScreen.storyboard; sourceTree = "<group>"; };
		BF691503211A10D500C5CFE3 /* Info.plist */ = {isa = PBXFileReference; lastKnownFileType = text.plist.xml; path = Info.plist; sourceTree = "<group>"; };
		BF691512211A246500C5CFE3 /* UIView+Fade.swift */ = {isa = PBXFileReference; fileEncoding = 4; lastKnownFileType = sourcecode.swift; path = "UIView+Fade.swift"; sourceTree = "<group>"; };
		BF691513211A246500C5CFE3 /* UIViewController+PresentAlert.swift */ = {isa = PBXFileReference; fileEncoding = 4; lastKnownFileType = sourcecode.swift; path = "UIViewController+PresentAlert.swift"; sourceTree = "<group>"; };
		BF691514211A246500C5CFE3 /* UIView+Shadow.swift */ = {isa = PBXFileReference; fileEncoding = 4; lastKnownFileType = sourcecode.swift; path = "UIView+Shadow.swift"; sourceTree = "<group>"; };
		BF691515211A246600C5CFE3 /* String+PercentageEncoding.swift */ = {isa = PBXFileReference; fileEncoding = 4; lastKnownFileType = sourcecode.swift; path = "String+PercentageEncoding.swift"; sourceTree = "<group>"; };
		BF69151A211A249600C5CFE3 /* CardView.swift */ = {isa = PBXFileReference; fileEncoding = 4; lastKnownFileType = sourcecode.swift; path = CardView.swift; sourceTree = "<group>"; };
		BF69151D211A250A00C5CFE3 /* ImageLoader.swift */ = {isa = PBXFileReference; fileEncoding = 4; lastKnownFileType = sourcecode.swift; path = ImageLoader.swift; sourceTree = "<group>"; };
		BF69151F211A254E00C5CFE3 /* API.swift */ = {isa = PBXFileReference; fileEncoding = 4; lastKnownFileType = sourcecode.swift; path = API.swift; sourceTree = "<group>"; };
		BF691521211A256E00C5CFE3 /* APIRequest.swift */ = {isa = PBXFileReference; fileEncoding = 4; lastKnownFileType = sourcecode.swift; path = APIRequest.swift; sourceTree = "<group>"; };
		BF691523211A25BF00C5CFE3 /* UITableView+AutoSize.swift */ = {isa = PBXFileReference; fileEncoding = 4; lastKnownFileType = sourcecode.swift; path = "UITableView+AutoSize.swift"; sourceTree = "<group>"; };
		BF691527211A262600C5CFE3 /* MetroService.swift */ = {isa = PBXFileReference; fileEncoding = 4; lastKnownFileType = sourcecode.swift; name = MetroService.swift; path = MetroSystemMap/Source/Services/MetroService.swift; sourceTree = SOURCE_ROOT; };
		BF691528211A262600C5CFE3 /* MetroAPI.swift */ = {isa = PBXFileReference; fileEncoding = 4; lastKnownFileType = sourcecode.swift; name = MetroAPI.swift; path = MetroSystemMap/Source/Services/MetroAPI.swift; sourceTree = SOURCE_ROOT; };
		BF69152B211A5B2600C5CFE3 /* RouteListTableViewCell.swift */ = {isa = PBXFileReference; fileEncoding = 4; lastKnownFileType = sourcecode.swift; path = RouteListTableViewCell.swift; sourceTree = "<group>"; };
		BF69152D211A5E6000C5CFE3 /* RouteDetailViewController.swift */ = {isa = PBXFileReference; fileEncoding = 4; lastKnownFileType = sourcecode.swift; path = RouteDetailViewController.swift; sourceTree = "<group>"; };
		BF69152F211A630500C5CFE3 /* MetroController.swift */ = {isa = PBXFileReference; fileEncoding = 4; lastKnownFileType = sourcecode.swift; path = MetroController.swift; sourceTree = "<group>"; };
		BF691531211A653200C5CFE3 /* Route.swift */ = {isa = PBXFileReference; fileEncoding = 4; lastKnownFileType = sourcecode.swift; path = Route.swift; sourceTree = "<group>"; };
		BF691533211AABF100C5CFE3 /* Vehicle.swift */ = {isa = PBXFileReference; fileEncoding = 4; lastKnownFileType = sourcecode.swift; path = Vehicle.swift; sourceTree = "<group>"; };
/* End PBXFileReference section */

/* Begin PBXFrameworksBuildPhase section */
		BF6914F1211A10D500C5CFE3 /* Frameworks */ = {
			isa = PBXFrameworksBuildPhase;
			buildActionMask = 2147483647;
			files = (
			);
			runOnlyForDeploymentPostprocessing = 0;
		};
/* End PBXFrameworksBuildPhase section */

/* Begin PBXGroup section */
		BF6914EB211A10D500C5CFE3 = {
			isa = PBXGroup;
			children = (
				BF6914F6211A10D500C5CFE3 /* MetroSystemMap */,
				BF6914F5211A10D500C5CFE3 /* Products */,
			);
			sourceTree = "<group>";
		};
		BF6914F5211A10D500C5CFE3 /* Products */ = {
			isa = PBXGroup;
			children = (
				BF6914F4211A10D500C5CFE3 /* MetroSystemMap.app */,
			);
			name = Products;
			sourceTree = "<group>";
		};
		BF6914F6211A10D500C5CFE3 /* MetroSystemMap */ = {
			isa = PBXGroup;
			children = (
				BF69150C211A230F00C5CFE3 /* Resource */,
				BF69150B211A230600C5CFE3 /* Source */,
				BF691503211A10D500C5CFE3 /* Info.plist */,
			);
			path = MetroSystemMap;
			sourceTree = "<group>";
		};
		BF691509211A22D900C5CFE3 /* Common */ = {
			isa = PBXGroup;
			children = (
				BF6914F7211A10D500C5CFE3 /* AppDelegate.swift */,
				BF691511211A23D400C5CFE3 /* FoundationExtension */,
			);
			path = Common;
			sourceTree = "<group>";
		};
		BF69150A211A22E800C5CFE3 /* Storyboard */ = {
			isa = PBXGroup;
			children = (
				BF691500211A10D500C5CFE3 /* LaunchScreen.storyboard */,
				BF6914FB211A10D500C5CFE3 /* Main.storyboard */,
			);
			path = Storyboard;
			sourceTree = "<group>";
		};
		BF69150B211A230600C5CFE3 /* Source */ = {
			isa = PBXGroup;
			children = (
				BF69150D211A235800C5CFE3 /* Views */,
				BF69150E211A237600C5CFE3 /* ViewControllers */,
				BF69150F211A239300C5CFE3 /* DataModelControllers */,
				BF69151C211A24D000C5CFE3 /* Services */,
				BF691510211A23BD00C5CFE3 /* DataModels */,
				BF69150A211A22E800C5CFE3 /* Storyboard */,
				BF691509211A22D900C5CFE3 /* Common */,
			);
			path = Source;
			sourceTree = "<group>";
		};
		BF69150C211A230F00C5CFE3 /* Resource */ = {
			isa = PBXGroup;
			children = (
				BF6914FE211A10D500C5CFE3 /* Assets.xcassets */,
			);
			path = Resource;
			sourceTree = "<group>";
		};
		BF69150D211A235800C5CFE3 /* Views */ = {
			isa = PBXGroup;
			children = (
				BF69152B211A5B2600C5CFE3 /* RouteListTableViewCell.swift */,
				BF69151A211A249600C5CFE3 /* CardView.swift */,
			);
			path = Views;
			sourceTree = "<group>";
		};
		BF69150E211A237600C5CFE3 /* ViewControllers */ = {
			isa = PBXGroup;
			children = (
				BF6914F9211A10D500C5CFE3 /* RouteListViewController.swift */,
				BF69152D211A5E6000C5CFE3 /* RouteDetailViewController.swift */,
			);
			path = ViewControllers;
			sourceTree = "<group>";
		};
		BF69150F211A239300C5CFE3 /* DataModelControllers */ = {
			isa = PBXGroup;
			children = (
				BF69152F211A630500C5CFE3 /* MetroController.swift */,
			);
			path = DataModelControllers;
			sourceTree = "<group>";
		};
		BF691510211A23BD00C5CFE3 /* DataModels */ = {
			isa = PBXGroup;
			children = (
				BF691531211A653200C5CFE3 /* Route.swift */,
				BF691533211AABF100C5CFE3 /* Vehicle.swift */,
			);
			path = DataModels;
			sourceTree = "<group>";
		};
		BF691511211A23D400C5CFE3 /* FoundationExtension */ = {
			isa = PBXGroup;
			children = (
				BF691515211A246600C5CFE3 /* String+PercentageEncoding.swift */,
				BF691523211A25BF00C5CFE3 /* UITableView+AutoSize.swift */,
				BF691512211A246500C5CFE3 /* UIView+Fade.swift */,
				BF691514211A246500C5CFE3 /* UIView+Shadow.swift */,
				BF691513211A246500C5CFE3 /* UIViewController+PresentAlert.swift */,
			);
			path = FoundationExtension;
			sourceTree = "<group>";
		};
		BF69151C211A24D000C5CFE3 /* Services */ = {
			isa = PBXGroup;
			children = (
				BF691526211A260B00C5CFE3 /* Metro */,
				BF691525211A25FD00C5CFE3 /* Base */,
			);
			path = Services;
			sourceTree = "<group>";
		};
		BF691525211A25FD00C5CFE3 /* Base */ = {
			isa = PBXGroup;
			children = (
				BF69151F211A254E00C5CFE3 /* API.swift */,
				BF691521211A256E00C5CFE3 /* APIRequest.swift */,
				BF69151D211A250A00C5CFE3 /* ImageLoader.swift */,
			);
			path = Base;
			sourceTree = "<group>";
		};
		BF691526211A260B00C5CFE3 /* Metro */ = {
			isa = PBXGroup;
			children = (
				BF691527211A262600C5CFE3 /* MetroService.swift */,
				BF691528211A262600C5CFE3 /* MetroAPI.swift */,
			);
			path = Metro;
			sourceTree = "<group>";
		};
/* End PBXGroup section */

/* Begin PBXNativeTarget section */
		BF6914F3211A10D500C5CFE3 /* MetroSystemMap */ = {
			isa = PBXNativeTarget;
			buildConfigurationList = BF691506211A10D500C5CFE3 /* Build configuration list for PBXNativeTarget "MetroSystemMap" */;
			buildPhases = (
				BF6914F0211A10D500C5CFE3 /* Sources */,
				BF6914F1211A10D500C5CFE3 /* Frameworks */,
				BF6914F2211A10D500C5CFE3 /* Resources */,
			);
			buildRules = (
			);
			dependencies = (
			);
			name = MetroSystemMap;
			productName = MetroSystemMap;
			productReference = BF6914F4211A10D500C5CFE3 /* MetroSystemMap.app */;
			productType = "com.apple.product-type.application";
		};
/* End PBXNativeTarget section */

/* Begin PBXProject section */
		BF6914EC211A10D500C5CFE3 /* Project object */ = {
			isa = PBXProject;
			attributes = {
				LastSwiftUpdateCheck = 0940;
				LastUpgradeCheck = 0940;
				ORGANIZATIONNAME = "Joey Wei";
				TargetAttributes = {
					BF6914F3211A10D500C5CFE3 = {
						CreatedOnToolsVersion = 9.4.1;
					};
				};
			};
			buildConfigurationList = BF6914EF211A10D500C5CFE3 /* Build configuration list for PBXProject "MetroSystemMap" */;
			compatibilityVersion = "Xcode 9.3";
			developmentRegion = en;
			hasScannedForEncodings = 0;
			knownRegions = (
				en,
				Base,
			);
			mainGroup = BF6914EB211A10D500C5CFE3;
			productRefGroup = BF6914F5211A10D500C5CFE3 /* Products */;
			projectDirPath = "";
			projectRoot = "";
			targets = (
				BF6914F3211A10D500C5CFE3 /* MetroSystemMap */,
			);
		};
/* End PBXProject section */

/* Begin PBXResourcesBuildPhase section */
		BF6914F2211A10D500C5CFE3 /* Resources */ = {
			isa = PBXResourcesBuildPhase;
			buildActionMask = 2147483647;
			files = (
				BF691502211A10D500C5CFE3 /* LaunchScreen.storyboard in Resources */,
				BF6914FF211A10D500C5CFE3 /* Assets.xcassets in Resources */,
				BF6914FD211A10D500C5CFE3 /* Main.storyboard in Resources */,
			);
			runOnlyForDeploymentPostprocessing = 0;
		};
/* End PBXResourcesBuildPhase section */

/* Begin PBXSourcesBuildPhase section */
		BF6914F0211A10D500C5CFE3 /* Sources */ = {
			isa = PBXSourcesBuildPhase;
			buildActionMask = 2147483647;
			files = (
				BF691534211AABF100C5CFE3 /* Vehicle.swift in Sources */,
				BF69151B211A249600C5CFE3 /* CardView.swift in Sources */,
				BF691516211A246600C5CFE3 /* UIView+Fade.swift in Sources */,
				BF691518211A246600C5CFE3 /* UIView+Shadow.swift in Sources */,
				BF691524211A25BF00C5CFE3 /* UITableView+AutoSize.swift in Sources */,
				BF6914FA211A10D500C5CFE3 /* RouteListViewController.swift in Sources */,
				BF69152C211A5B2700C5CFE3 /* RouteListTableViewCell.swift in Sources */,
				BF691519211A246600C5CFE3 /* String+PercentageEncoding.swift in Sources */,
				BF691530211A630600C5CFE3 /* MetroController.swift in Sources */,
				BF69152E211A5E6000C5CFE3 /* RouteDetailViewController.swift in Sources */,
				BF691532211A653200C5CFE3 /* Route.swift in Sources */,
				BF6914F8211A10D500C5CFE3 /* AppDelegate.swift in Sources */,
				BF69151E211A250A00C5CFE3 /* ImageLoader.swift in Sources */,
				BF691520211A254E00C5CFE3 /* API.swift in Sources */,
				BF691522211A256E00C5CFE3 /* APIRequest.swift in Sources */,
				BF691517211A246600C5CFE3 /* UIViewController+PresentAlert.swift in Sources */,
				BF69152A211A262600C5CFE3 /* MetroAPI.swift in Sources */,
				BF691529211A262600C5CFE3 /* MetroService.swift in Sources */,
			);
			runOnlyForDeploymentPostprocessing = 0;
		};
/* End PBXSourcesBuildPhase section */

/* Begin PBXVariantGroup section */
		BF6914FB211A10D500C5CFE3 /* Main.storyboard */ = {
			isa = PBXVariantGroup;
			children = (
				BF6914FC211A10D500C5CFE3 /* Base */,
			);
			name = Main.storyboard;
			sourceTree = "<group>";
		};
		BF691500211A10D500C5CFE3 /* LaunchScreen.storyboard */ = {
			isa = PBXVariantGroup;
			children = (
				BF691501211A10D500C5CFE3 /* Base */,
			);
			name = LaunchScreen.storyboard;
			sourceTree = "<group>";
		};
/* End PBXVariantGroup section */

/* Begin XCBuildConfiguration section */
		BF691504211A10D500C5CFE3 /* Debug */ = {
			isa = XCBuildConfiguration;
			buildSettings = {
				ALWAYS_SEARCH_USER_PATHS = NO;
				CLANG_ANALYZER_NONNULL = YES;
				CLANG_ANALYZER_NUMBER_OBJECT_CONVERSION = YES_AGGRESSIVE;
				CLANG_CXX_LANGUAGE_STANDARD = "gnu++14";
				CLANG_CXX_LIBRARY = "libc++";
				CLANG_ENABLE_MODULES = YES;
				CLANG_ENABLE_OBJC_ARC = YES;
				CLANG_ENABLE_OBJC_WEAK = YES;
				CLANG_WARN_BLOCK_CAPTURE_AUTORELEASING = YES;
				CLANG_WARN_BOOL_CONVERSION = YES;
				CLANG_WARN_COMMA = YES;
				CLANG_WARN_CONSTANT_CONVERSION = YES;
				CLANG_WARN_DEPRECATED_OBJC_IMPLEMENTATIONS = YES;
				CLANG_WARN_DIRECT_OBJC_ISA_USAGE = YES_ERROR;
				CLANG_WARN_DOCUMENTATION_COMMENTS = YES;
				CLANG_WARN_EMPTY_BODY = YES;
				CLANG_WARN_ENUM_CONVERSION = YES;
				CLANG_WARN_INFINITE_RECURSION = YES;
				CLANG_WARN_INT_CONVERSION = YES;
				CLANG_WARN_NON_LITERAL_NULL_CONVERSION = YES;
				CLANG_WARN_OBJC_IMPLICIT_RETAIN_SELF = YES;
				CLANG_WARN_OBJC_LITERAL_CONVERSION = YES;
				CLANG_WARN_OBJC_ROOT_CLASS = YES_ERROR;
				CLANG_WARN_RANGE_LOOP_ANALYSIS = YES;
				CLANG_WARN_STRICT_PROTOTYPES = YES;
				CLANG_WARN_SUSPICIOUS_MOVE = YES;
				CLANG_WARN_UNGUARDED_AVAILABILITY = YES_AGGRESSIVE;
				CLANG_WARN_UNREACHABLE_CODE = YES;
				CLANG_WARN__DUPLICATE_METHOD_MATCH = YES;
				CODE_SIGN_IDENTITY = "iPhone Developer";
				COPY_PHASE_STRIP = NO;
				DEBUG_INFORMATION_FORMAT = dwarf;
				ENABLE_STRICT_OBJC_MSGSEND = YES;
				ENABLE_TESTABILITY = YES;
				GCC_C_LANGUAGE_STANDARD = gnu11;
				GCC_DYNAMIC_NO_PIC = NO;
				GCC_NO_COMMON_BLOCKS = YES;
				GCC_OPTIMIZATION_LEVEL = 0;
				GCC_PREPROCESSOR_DEFINITIONS = (
					"DEBUG=1",
					"$(inherited)",
				);
				GCC_WARN_64_TO_32_BIT_CONVERSION = YES;
				GCC_WARN_ABOUT_RETURN_TYPE = YES_ERROR;
				GCC_WARN_UNDECLARED_SELECTOR = YES;
				GCC_WARN_UNINITIALIZED_AUTOS = YES_AGGRESSIVE;
				GCC_WARN_UNUSED_FUNCTION = YES;
				GCC_WARN_UNUSED_VARIABLE = YES;
				IPHONEOS_DEPLOYMENT_TARGET = 11.4;
				MTL_ENABLE_DEBUG_INFO = YES;
				ONLY_ACTIVE_ARCH = YES;
				SDKROOT = iphoneos;
				SWIFT_ACTIVE_COMPILATION_CONDITIONS = DEBUG;
				SWIFT_OPTIMIZATION_LEVEL = "-Onone";
			};
			name = Debug;
		};
		BF691505211A10D500C5CFE3 /* Release */ = {
			isa = XCBuildConfiguration;
			buildSettings = {
				ALWAYS_SEARCH_USER_PATHS = NO;
				CLANG_ANALYZER_NONNULL = YES;
				CLANG_ANALYZER_NUMBER_OBJECT_CONVERSION = YES_AGGRESSIVE;
				CLANG_CXX_LANGUAGE_STANDARD = "gnu++14";
				CLANG_CXX_LIBRARY = "libc++";
				CLANG_ENABLE_MODULES = YES;
				CLANG_ENABLE_OBJC_ARC = YES;
				CLANG_ENABLE_OBJC_WEAK = YES;
				CLANG_WARN_BLOCK_CAPTURE_AUTORELEASING = YES;
				CLANG_WARN_BOOL_CONVERSION = YES;
				CLANG_WARN_COMMA = YES;
				CLANG_WARN_CONSTANT_CONVERSION = YES;
				CLANG_WARN_DEPRECATED_OBJC_IMPLEMENTATIONS = YES;
				CLANG_WARN_DIRECT_OBJC_ISA_USAGE = YES_ERROR;
				CLANG_WARN_DOCUMENTATION_COMMENTS = YES;
				CLANG_WARN_EMPTY_BODY = YES;
				CLANG_WARN_ENUM_CONVERSION = YES;
				CLANG_WARN_INFINITE_RECURSION = YES;
				CLANG_WARN_INT_CONVERSION = YES;
				CLANG_WARN_NON_LITERAL_NULL_CONVERSION = YES;
				CLANG_WARN_OBJC_IMPLICIT_RETAIN_SELF = YES;
				CLANG_WARN_OBJC_LITERAL_CONVERSION = YES;
				CLANG_WARN_OBJC_ROOT_CLASS = YES_ERROR;
				CLANG_WARN_RANGE_LOOP_ANALYSIS = YES;
				CLANG_WARN_STRICT_PROTOTYPES = YES;
				CLANG_WARN_SUSPICIOUS_MOVE = YES;
				CLANG_WARN_UNGUARDED_AVAILABILITY = YES_AGGRESSIVE;
				CLANG_WARN_UNREACHABLE_CODE = YES;
				CLANG_WARN__DUPLICATE_METHOD_MATCH = YES;
				CODE_SIGN_IDENTITY = "iPhone Developer";
				COPY_PHASE_STRIP = NO;
				DEBUG_INFORMATION_FORMAT = "dwarf-with-dsym";
				ENABLE_NS_ASSERTIONS = NO;
				ENABLE_STRICT_OBJC_MSGSEND = YES;
				GCC_C_LANGUAGE_STANDARD = gnu11;
				GCC_NO_COMMON_BLOCKS = YES;
				GCC_WARN_64_TO_32_BIT_CONVERSION = YES;
				GCC_WARN_ABOUT_RETURN_TYPE = YES_ERROR;
				GCC_WARN_UNDECLARED_SELECTOR = YES;
				GCC_WARN_UNINITIALIZED_AUTOS = YES_AGGRESSIVE;
				GCC_WARN_UNUSED_FUNCTION = YES;
				GCC_WARN_UNUSED_VARIABLE = YES;
				IPHONEOS_DEPLOYMENT_TARGET = 11.4;
				MTL_ENABLE_DEBUG_INFO = NO;
				SDKROOT = iphoneos;
				SWIFT_COMPILATION_MODE = wholemodule;
				SWIFT_OPTIMIZATION_LEVEL = "-O";
				VALIDATE_PRODUCT = YES;
			};
			name = Release;
		};
		BF691507211A10D500C5CFE3 /* Debug */ = {
			isa = XCBuildConfiguration;
			buildSettings = {
				ASSETCATALOG_COMPILER_APPICON_NAME = AppIcon;
				CODE_SIGN_STYLE = Automatic;
				DEVELOPMENT_TEAM = FXEHF25S78;
				INFOPLIST_FILE = MetroSystemMap/Info.plist;
				LD_RUNPATH_SEARCH_PATHS = (
					"$(inherited)",
					"@executable_path/Frameworks",
				);
				PRODUCT_BUNDLE_IDENTIFIER = com.joeyfulwei.MetroSystemMap;
				PRODUCT_NAME = "$(TARGET_NAME)";
				SWIFT_VERSION = 4.0;
				TARGETED_DEVICE_FAMILY = "1,2";
			};
			name = Debug;
		};
		BF691508211A10D500C5CFE3 /* Release */ = {
			isa = XCBuildConfiguration;
			buildSettings = {
				ASSETCATALOG_COMPILER_APPICON_NAME = AppIcon;
				CODE_SIGN_STYLE = Automatic;
				DEVELOPMENT_TEAM = FXEHF25S78;
				INFOPLIST_FILE = MetroSystemMap/Info.plist;
				LD_RUNPATH_SEARCH_PATHS = (
					"$(inherited)",
					"@executable_path/Frameworks",
				);
				PRODUCT_BUNDLE_IDENTIFIER = com.joeyfulwei.MetroSystemMap;
				PRODUCT_NAME = "$(TARGET_NAME)";
				SWIFT_VERSION = 4.0;
				TARGETED_DEVICE_FAMILY = "1,2";
			};
			name = Release;
		};
/* End XCBuildConfiguration section */

/* Begin XCConfigurationList section */
		BF6914EF211A10D500C5CFE3 /* Build configuration list for PBXProject "MetroSystemMap" */ = {
			isa = XCConfigurationList;
			buildConfigurations = (
				BF691504211A10D500C5CFE3 /* Debug */,
				BF691505211A10D500C5CFE3 /* Release */,
			);
			defaultConfigurationIsVisible = 0;
			defaultConfigurationName = Release;
		};
		BF691506211A10D500C5CFE3 /* Build configuration list for PBXNativeTarget "MetroSystemMap" */ = {
			isa = XCConfigurationList;
			buildConfigurations = (
				BF691507211A10D500C5CFE3 /* Debug */,
				BF691508211A10D500C5CFE3 /* Release */,
			);
			defaultConfigurationIsVisible = 0;
			defaultConfigurationName = Release;
		};
/* End XCConfigurationList section */
	};
	rootObject = BF6914EC211A10D500C5CFE3 /* Project object */;
}
